
Microsoft Visual Studio Solution File, Format Version 12.00
# Visual Studio Version 17
VisualStudioVersion = 17.0.32112.339
MinimumVisualStudioVersion = 10.0.40219.1
Project("{FAE04EC0-301F-11D3-BF4B-00C04F79EFBC}") = "ShereSoft.DeepCloning", "ShereSoft.DeepCloning\ShereSoft.DeepCloning.csproj", "{F6480711-AC69-4D29-8C3B-5F06FE833901}"
EndProject
Project("{FAE04EC0-301F-11D3-BF4B-00C04F79EFBC}") = "DeepCloningTests", "DeepCloningTests\DeepCloningTests.csproj", "{5ABA7EFF-C43A-4F8A-887C-3312A61146BF}"
EndProject
Global
	GlobalSection(SolutionConfigurationPlatforms) = preSolution
		Debug|Any CPU = Debug|Any CPU
		Release|Any CPU = Release|Any CPU
	EndGlobalSection
	GlobalSection(ProjectConfigurationPlatforms) = postSolution
		{F6480711-AC69-4D29-8C3B-5F06FE833901}.Debug|Any CPU.ActiveCfg = Debug|Any CPU
		{F6480711-AC69-4D29-8C3B-5F06FE833901}.Debug|Any CPU.Build.0 = Debug|Any CPU
		{F6480711-AC69-4D29-8C3B-5F06FE833901}.Release|Any CPU.ActiveCfg = Release|Any CPU
		{F6480711-AC69-4D29-8C3B-5F06FE833901}.Release|Any CPU.Build.0 = Release|Any CPU
		{5ABA7EFF-C43A-4F8A-887C-3312A61146BF}.Debug|Any CPU.ActiveCfg = Debug|Any CPU
		{5ABA7EFF-C43A-4F8A-887C-3312A61146BF}.Debug|Any CPU.Build.0 = Debug|Any CPU
		{5ABA7EFF-C43A-4F8A-887C-3312A61146BF}.Release|Any CPU.ActiveCfg = Release|Any CPU
		{5ABA7EFF-C43A-4F8A-887C-3312A61146BF}.Release|Any CPU.Build.0 = Release|Any CPU
	EndGlobalSection
	GlobalSection(SolutionProperties) = preSolution
		HideSolutionNode = FALSE
	EndGlobalSection
	GlobalSection(ExtensibilityGlobals) = postSolution
		SolutionGuid = {12B6C0AE-512D-4AF6-8CAF-A573EE27B8BE}
	EndGlobalSection
EndGlobal
